
Microsoft Visual Studio Solution File, Format Version 12.00
# Visual Studio Version 16
VisualStudioVersion = 16.0.31205.134
MinimumVisualStudioVersion = 10.0.40219.1
Project("{FAE04EC0-301F-11D3-BF4B-00C04F79EFBC}") = "PhoneBookMVC", "PhoneBookMVC\PhoneBookMVC.csproj", "{7A66F70C-1FF4-434F-9B3F-6944E6033DC8}"
EndProject
Global
	GlobalSection(SolutionConfigurationPlatforms) = preSolution
		Debug|Any CPU = Debug|Any CPU
		Release|Any CPU = Release|Any CPU
	EndGlobalSection
	GlobalSection(ProjectConfigurationPlatforms) = postSolution
		{7A66F70C-1FF4-434F-9B3F-6944E6033DC8}.Debug|Any CPU.ActiveCfg = Debug|Any CPU
		{7A66F70C-1FF4-434F-9B3F-6944E6033DC8}.Debug|Any CPU.Build.0 = Debug|Any CPU
		{7A66F70C-1FF4-434F-9B3F-6944E6033DC8}.Release|Any CPU.ActiveCfg = Release|Any CPU
		{7A66F70C-1FF4-434F-9B3F-6944E6033DC8}.Release|Any CPU.Build.0 = Release|Any CPU
	EndGlobalSection
	GlobalSection(SolutionProperties) = preSolution
		HideSolutionNode = FALSE
	EndGlobalSection
	GlobalSection(ExtensibilityGlobals) = postSolution
		SolutionGuid = {929B9B79-23EF-4038-A0CA-2AA7D92CFA9A}
	EndGlobalSection
EndGlobal
